
Microsoft Visual Studio Solution File, Format Version 12.00
# Visual Studio Version 16
VisualStudioVersion = 16.0.29025.244
MinimumVisualStudioVersion = 10.0.40219.1
Project("{FAE04EC0-301F-11D3-BF4B-00C04F79EFBC}") = "Assessment6b", "Assessment6b\Assessment6b.csproj", "{F7C93809-F95A-47FD-9C44-04393BD7E349}"
EndProject
Global
	GlobalSection(SolutionConfigurationPlatforms) = preSolution
		Debug|Any CPU = Debug|Any CPU
		Release|Any CPU = Release|Any CPU
	EndGlobalSection
	GlobalSection(ProjectConfigurationPlatforms) = postSolution
		{F7C93809-F95A-47FD-9C44-04393BD7E349}.Debug|Any CPU.ActiveCfg = Debug|Any CPU
		{F7C93809-F95A-47FD-9C44-04393BD7E349}.Debug|Any CPU.Build.0 = Debug|Any CPU
		{F7C93809-F95A-47FD-9C44-04393BD7E349}.Release|Any CPU.ActiveCfg = Release|Any CPU
		{F7C93809-F95A-47FD-9C44-04393BD7E349}.Release|Any CPU.Build.0 = Release|Any CPU
	EndGlobalSection
	GlobalSection(SolutionProperties) = preSolution
		HideSolutionNode = FALSE
	EndGlobalSection
	GlobalSection(ExtensibilityGlobals) = postSolution
		SolutionGuid = {268B482E-448D-46CF-BA9B-DA9E9DE2574A}
	EndGlobalSection
EndGlobal
